
Microsoft Visual Studio Solution File, Format Version 12.00
# Visual Studio 15
VisualStudioVersion = 15.0.28307.136
MinimumVisualStudioVersion = 10.0.40219.1
Project("{9A19103F-16F7-4668-BE54-9A1E7A4F7556}") = "dfc-providerportal-findacourse", "src\dfc-providerportal-findacourse\dfc-providerportal-findacourse.csproj", "{52C54FE9-EC79-4BE6-8951-C2678243665F}"
EndProject
Project("{FAE04EC0-301F-11D3-BF4B-00C04F79EFBC}") = "DFC.ProviderPortal.FindACourse.Tests", "tests\DFC.ProviderPortal.FindACourse.Tests\DFC.ProviderPortal.FindACourse.Tests\DFC.ProviderPortal.FindACourse.Tests.csproj", "{52C878A2-07C3-426F-957F-3A8FB37012C6}"
EndProject
Global
	GlobalSection(SolutionConfigurationPlatforms) = preSolution
		Debug|Any CPU = Debug|Any CPU
		Release|Any CPU = Release|Any CPU
	EndGlobalSection
	GlobalSection(ProjectConfigurationPlatforms) = postSolution
		{52C54FE9-EC79-4BE6-8951-C2678243665F}.Debug|Any CPU.ActiveCfg = Debug|Any CPU
		{52C54FE9-EC79-4BE6-8951-C2678243665F}.Debug|Any CPU.Build.0 = Debug|Any CPU
		{52C54FE9-EC79-4BE6-8951-C2678243665F}.Release|Any CPU.ActiveCfg = Release|Any CPU
		{52C54FE9-EC79-4BE6-8951-C2678243665F}.Release|Any CPU.Build.0 = Release|Any CPU
		{52C878A2-07C3-426F-957F-3A8FB37012C6}.Debug|Any CPU.ActiveCfg = Debug|Any CPU
		{52C878A2-07C3-426F-957F-3A8FB37012C6}.Debug|Any CPU.Build.0 = Debug|Any CPU
		{52C878A2-07C3-426F-957F-3A8FB37012C6}.Release|Any CPU.ActiveCfg = Release|Any CPU
		{52C878A2-07C3-426F-957F-3A8FB37012C6}.Release|Any CPU.Build.0 = Release|Any CPU
	EndGlobalSection
	GlobalSection(SolutionProperties) = preSolution
		HideSolutionNode = FALSE
	EndGlobalSection
	GlobalSection(ExtensibilityGlobals) = postSolution
		SolutionGuid = {0A5D979F-B7C3-415C-9ED9-E59F93DED2B1}
	EndGlobalSection
EndGlobal
